// !$*UTF8*$!
{
	archiveVersion = 1;
	classes = {
	};
	objectVersion = 46;
	objects = {

/* Begin PBXBuildFile section */
		B85F04311E9B26AA005D0B80 /* main.m in Sources */ = {isa = PBXBuildFile; fileRef = B85F04301E9B26AA005D0B80 /* main.m */; };
		B88307732213ACD200E362A3 /* dlink_stack.c in Sources */ = {isa = PBXBuildFile; fileRef = B88307712213ACD200E362A3 /* dlink_stack.c */; };
		B88307762213B71500E362A3 /* double_link.c in Sources */ = {isa = PBXBuildFile; fileRef = B88307742213B71500E362A3 /* double_link.c */; };
/* End PBXBuildFile section */

/* Begin PBXCopyFilesBuildPhase section */
		B85F042B1E9B26AA005D0B80 /* CopyFiles */ = {
			isa = PBXCopyFilesBuildPhase;
			buildActionMask = 2147483647;
			dstPath = /usr/share/man/man1/;
			dstSubfolderSpec = 0;
			files = (
			);
			runOnlyForDeploymentPostprocessing = 1;
		};
/* End PBXCopyFilesBuildPhase section */

/* Begin PBXFileReference section */
		B85F042D1E9B26AA005D0B80 /* stack */ = {isa = PBXFileReference; explicitFileType = "compiled.mach-o.executable"; includeInIndex = 0; path = stack; sourceTree = BUILT_PRODUCTS_DIR; };
		B85F04301E9B26AA005D0B80 /* main.m */ = {isa = PBXFileReference; lastKnownFileType = sourcecode.c.objc; path = main.m; sourceTree = "<group>"; };
		B88307712213ACD200E362A3 /* dlink_stack.c */ = {isa = PBXFileReference; lastKnownFileType = sourcecode.c.c; path = dlink_stack.c; sourceTree = "<group>"; };
		B88307722213ACD200E362A3 /* dlink_stack.h */ = {isa = PBXFileReference; lastKnownFileType = sourcecode.c.h; path = dlink_stack.h; sourceTree = "<group>"; };
		B88307742213B71500E362A3 /* double_link.c */ = {isa = PBXFileReference; fileEncoding = 4; lastKnownFileType = sourcecode.c.c; path = double_link.c; sourceTree = "<group>"; };
		B88307752213B71500E362A3 /* double_link.h */ = {isa = PBXFileReference; fileEncoding = 4; lastKnownFileType = sourcecode.c.h; path = double_link.h; sourceTree = "<group>"; };
/* End PBXFileReference section */

/* Begin PBXFrameworksBuildPhase section */
		B85F042A1E9B26AA005D0B80 /* Frameworks */ = {
			isa = PBXFrameworksBuildPhase;
			buildActionMask = 2147483647;
			files = (
			);
			runOnlyForDeploymentPostprocessing = 0;
		};
/* End PBXFrameworksBuildPhase section */

/* Begin PBXGroup section */
		B85F04241E9B26AA005D0B80 = {
			isa = PBXGroup;
			children = (
				B85F042F1E9B26AA005D0B80 /* stack */,
				B85F042E1E9B26AA005D0B80 /* Products */,
			);
			sourceTree = "<group>";
		};
		B85F042E1E9B26AA005D0B80 /* Products */ = {
			isa = PBXGroup;
			children = (
				B85F042D1E9B26AA005D0B80 /* stack */,
			);
			name = Products;
			sourceTree = "<group>";
		};
		B85F042F1E9B26AA005D0B80 /* stack */ = {
			isa = PBXGroup;
			children = (
				B88307742213B71500E362A3 /* double_link.c */,
				B88307752213B71500E362A3 /* double_link.h */,
				B85F04301E9B26AA005D0B80 /* main.m */,
				B88307712213ACD200E362A3 /* dlink_stack.c */,
				B88307722213ACD200E362A3 /* dlink_stack.h */,
			);
			path = stack;
			sourceTree = "<group>";
		};
/* End PBXGroup section */

/* Begin PBXNativeTarget section */
		B85F042C1E9B26AA005D0B80 /* stack */ = {
			isa = PBXNativeTarget;
			buildConfigurationList = B85F04341E9B26AA005D0B80 /* Build configuration list for PBXNativeTarget "stack" */;
			buildPhases = (
				B85F04291E9B26AA005D0B80 /* Sources */,
				B85F042A1E9B26AA005D0B80 /* Frameworks */,
				B85F042B1E9B26AA005D0B80 /* CopyFiles */,
			);
			buildRules = (
			);
			dependencies = (
			);
			name = stack;
			productName = stack;
			productReference = B85F042D1E9B26AA005D0B80 /* stack */;
			productType = "com.apple.product-type.tool";
		};
/* End PBXNativeTarget section */

/* Begin PBXProject section */
		B85F04251E9B26AA005D0B80 /* Project object */ = {
			isa = PBXProject;
			attributes = {
				LastUpgradeCheck = 0800;
				ORGANIZATIONNAME = yuan;
				TargetAttributes = {
					B85F042C1E9B26AA005D0B80 = {
						CreatedOnToolsVersion = 8.0;
						ProvisioningStyle = Automatic;
					};
				};
			};
			buildConfigurationList = B85F04281E9B26AA005D0B80 /* Build configuration list for PBXProject "stack" */;
			compatibilityVersion = "Xcode 3.2";
			developmentRegion = English;
			hasScannedForEncodings = 0;
			knownRegions = (
				en,
			);
			mainGroup = B85F04241E9B26AA005D0B80;
			productRefGroup = B85F042E1E9B26AA005D0B80 /* Products */;
			projectDirPath = "";
			projectRoot = "";
			targets = (
				B85F042C1E9B26AA005D0B80 /* stack */,
			);
		};
/* End PBXProject section */

/* Begin PBXSourcesBuildPhase section */
		B85F04291E9B26AA005D0B80 /* Sources */ = {
			isa = PBXSourcesBuildPhase;
			buildActionMask = 2147483647;
			files = (
				B88307762213B71500E362A3 /* double_link.c in Sources */,
				B85F04311E9B26AA005D0B80 /* main.m in Sources */,
				B88307732213ACD200E362A3 /* dlink_stack.c in Sources */,
			);
			runOnlyForDeploymentPostprocessing = 0;
		};
/* End PBXSourcesBuildPhase section */

/* Begin XCBuildConfiguration section */
		B85F04321E9B26AA005D0B80 /* Debug */ = {
			isa = XCBuildConfiguration;
			buildSettings = {
				ALWAYS_SEARCH_USER_PATHS = NO;
				CLANG_ANALYZER_NONNULL = YES;
				CLANG_CXX_LANGUAGE_STANDARD = "gnu++0x";
				CLANG_CXX_LIBRARY = "libc++";
				CLANG_ENABLE_MODULES = YES;
				CLANG_ENABLE_OBJC_ARC = YES;
				CLANG_WARN_BOOL_CONVERSION = YES;
				CLANG_WARN_CONSTANT_CONVERSION = YES;
				CLANG_WARN_DIRECT_OBJC_ISA_USAGE = YES_ERROR;
				CLANG_WARN_DOCUMENTATION_COMMENTS = YES;
				CLANG_WARN_EMPTY_BODY = YES;
				CLANG_WARN_ENUM_CONVERSION = YES;
				CLANG_WARN_INFINITE_RECURSION = YES;
				CLANG_WARN_INT_CONVERSION = YES;
				CLANG_WARN_OBJC_ROOT_CLASS = YES_ERROR;
				CLANG_WARN_SUSPICIOUS_MOVES = YES;
				CLANG_WARN_UNREACHABLE_CODE = YES;
				CLANG_WARN__DUPLICATE_METHOD_MATCH = YES;
				CODE_SIGN_IDENTITY = "-";
				COPY_PHASE_STRIP = NO;
				DEBUG_INFORMATION_FORMAT = dwarf;
				ENABLE_STRICT_OBJC_MSGSEND = YES;
				ENABLE_TESTABILITY = YES;
				GCC_C_LANGUAGE_STANDARD = gnu99;
				GCC_DYNAMIC_NO_PIC = NO;
				GCC_NO_COMMON_BLOCKS = YES;
				GCC_OPTIMIZATION_LEVEL = 0;
				GCC_PREPROCESSOR_DEFINITIONS = (
					"DEBUG=1",
					"$(inherited)",
				);
				GCC_WARN_64_TO_32_BIT_CONVERSION = YES;
				GCC_WARN_ABOUT_RETURN_TYPE = YES_ERROR;
				GCC_WARN_UNDECLARED_SELECTOR = YES;
				GCC_WARN_UNINITIALIZED_AUTOS = YES_AGGRESSIVE;
				GCC_WARN_UNUSED_FUNCTION = YES;
				GCC_WARN_UNUSED_VARIABLE = YES;
				MACOSX_DEPLOYMENT_TARGET = 10.11;
				MTL_ENABLE_DEBUG_INFO = YES;
				ONLY_ACTIVE_ARCH = YES;
				SDKROOT = macosx;
			};
			name = Debug;
		};
		B85F04331E9B26AA005D0B80 /* Release */ = {
			isa = XCBuildConfiguration;
			buildSettings = {
				ALWAYS_SEARCH_USER_PATHS = NO;
				CLANG_ANALYZER_NONNULL = YES;
				CLANG_CXX_LANGUAGE_STANDARD = "gnu++0x";
				CLANG_CXX_LIBRARY = "libc++";
				CLANG_ENABLE_MODULES = YES;
				CLANG_ENABLE_OBJC_ARC = YES;
				CLANG_WARN_BOOL_CONVERSION = YES;
				CLANG_WARN_CONSTANT_CONVERSION = YES;
				CLANG_WARN_DIRECT_OBJC_ISA_USAGE = YES_ERROR;
				CLANG_WARN_DOCUMENTATION_COMMENTS = YES;
				CLANG_WARN_EMPTY_BODY = YES;
				CLANG_WARN_ENUM_CONVERSION = YES;
				CLANG_WARN_INFINITE_RECURSION = YES;
				CLANG_WARN_INT_CONVERSION = YES;
				CLANG_WARN_OBJC_ROOT_CLASS = YES_ERROR;
				CLANG_WARN_SUSPICIOUS_MOVES = YES;
				CLANG_WARN_UNREACHABLE_CODE = YES;
				CLANG_WARN__DUPLICATE_METHOD_MATCH = YES;
				CODE_SIGN_IDENTITY = "-";
				COPY_PHASE_STRIP = NO;
				DEBUG_INFORMATION_FORMAT = "dwarf-with-dsym";
				ENABLE_NS_ASSERTIONS = NO;
				ENABLE_STRICT_OBJC_MSGSEND = YES;
				GCC_C_LANGUAGE_STANDARD = gnu99;
				GCC_NO_COMMON_BLOCKS = YES;
				GCC_WARN_64_TO_32_BIT_CONVERSION = YES;
				GCC_WARN_ABOUT_RETURN_TYPE = YES_ERROR;
				GCC_WARN_UNDECLARED_SELECTOR = YES;
				GCC_WARN_UNINITIALIZED_AUTOS = YES_AGGRESSIVE;
				GCC_WARN_UNUSED_FUNCTION = YES;
				GCC_WARN_UNUSED_VARIABLE = YES;
				MACOSX_DEPLOYMENT_TARGET = 10.11;
				MTL_ENABLE_DEBUG_INFO = NO;
				SDKROOT = macosx;
			};
			name = Release;
		};
		B85F04351E9B26AA005D0B80 /* Debug */ = {
			isa = XCBuildConfiguration;
			buildSettings = {
				PRODUCT_NAME = "$(TARGET_NAME)";
			};
			name = Debug;
		};
		B85F04361E9B26AA005D0B80 /* Release */ = {
			isa = XCBuildConfiguration;
			buildSettings = {
				PRODUCT_NAME = "$(TARGET_NAME)";
			};
			name = Release;
		};
/* End XCBuildConfiguration section */

/* Begin XCConfigurationList section */
		B85F04281E9B26AA005D0B80 /* Build configuration list for PBXProject "stack" */ = {
			isa = XCConfigurationList;
			buildConfigurations = (
				B85F04321E9B26AA005D0B80 /* Debug */,
				B85F04331E9B26AA005D0B80 /* Release */,
			);
			defaultConfigurationIsVisible = 0;
			defaultConfigurationName = Release;
		};
		B85F04341E9B26AA005D0B80 /* Build configuration list for PBXNativeTarget "stack" */ = {
			isa = XCConfigurationList;
			buildConfigurations = (
				B85F04351E9B26AA005D0B80 /* Debug */,
				B85F04361E9B26AA005D0B80 /* Release */,
			);
			defaultConfigurationIsVisible = 0;
			defaultConfigurationName = Release;
		};
/* End XCConfigurationList section */
	};
	rootObject = B85F04251E9B26AA005D0B80 /* Project object */;
}
